
Microsoft Visual Studio Solution File, Format Version 12.00
# Visual Studio Version 17
VisualStudioVersion = 17.1.32407.343
MinimumVisualStudioVersion = 10.0.40219.1
Project("{FAE04EC0-301F-11D3-BF4B-00C04F79EFBC}") = "Profile_stats", "Profile_stats\Profile_stats.csproj", "{9F9C9306-8112-450B-B6E9-0CC98C39014C}"
EndProject
Global
	GlobalSection(SolutionConfigurationPlatforms) = preSolution
		Debug|Any CPU = Debug|Any CPU
		Release|Any CPU = Release|Any CPU
	EndGlobalSection
	GlobalSection(ProjectConfigurationPlatforms) = postSolution
		{9F9C9306-8112-450B-B6E9-0CC98C39014C}.Debug|Any CPU.ActiveCfg = Debug|Any CPU
		{9F9C9306-8112-450B-B6E9-0CC98C39014C}.Debug|Any CPU.Build.0 = Debug|Any CPU
		{9F9C9306-8112-450B-B6E9-0CC98C39014C}.Release|Any CPU.ActiveCfg = Release|Any CPU
		{9F9C9306-8112-450B-B6E9-0CC98C39014C}.Release|Any CPU.Build.0 = Release|Any CPU
	EndGlobalSection
	GlobalSection(SolutionProperties) = preSolution
		HideSolutionNode = FALSE
	EndGlobalSection
	GlobalSection(ExtensibilityGlobals) = postSolution
		SolutionGuid = {CC0877A0-876F-4981-89F4-4E8F25814A41}
	EndGlobalSection
EndGlobal
